
Microsoft Visual Studio Solution File, Format Version 12.00
# Visual Studio Version 17
VisualStudioVersion = 17.9.34714.143
MinimumVisualStudioVersion = 10.0.40219.1
Project("{2150E333-8FDC-42A3-9474-1A3956D46DE8}") = "services", "services", "{C9B9DEB7-44B0-453F-8B89-AF53B9EA033E}"
EndProject
Project("{2150E333-8FDC-42A3-9474-1A3956D46DE8}") = "Catalog", "Catalog", "{C5A0AAB8-0ABA-4160-B9C2-E4D8BB00ABD8}"
EndProject
Project("{FAE04EC0-301F-11D3-BF4B-00C04F79EFBC}") = "Catalog.Api", "..\src\Services\Catalog\Catalog.Api\Catalog.Api.csproj", "{B14A8D79-D878-47AD-93E2-DB628C7C104D}"
EndProject
Global
	GlobalSection(SolutionConfigurationPlatforms) = preSolution
		Debug|Any CPU = Debug|Any CPU
		Release|Any CPU = Release|Any CPU
	EndGlobalSection
	GlobalSection(ProjectConfigurationPlatforms) = postSolution
		{B14A8D79-D878-47AD-93E2-DB628C7C104D}.Debug|Any CPU.ActiveCfg = Debug|Any CPU
		{B14A8D79-D878-47AD-93E2-DB628C7C104D}.Debug|Any CPU.Build.0 = Debug|Any CPU
		{B14A8D79-D878-47AD-93E2-DB628C7C104D}.Release|Any CPU.ActiveCfg = Release|Any CPU
		{B14A8D79-D878-47AD-93E2-DB628C7C104D}.Release|Any CPU.Build.0 = Release|Any CPU
	EndGlobalSection
	GlobalSection(SolutionProperties) = preSolution
		HideSolutionNode = FALSE
	EndGlobalSection
	GlobalSection(NestedProjects) = preSolution
		{C5A0AAB8-0ABA-4160-B9C2-E4D8BB00ABD8} = {C9B9DEB7-44B0-453F-8B89-AF53B9EA033E}
		{B14A8D79-D878-47AD-93E2-DB628C7C104D} = {C5A0AAB8-0ABA-4160-B9C2-E4D8BB00ABD8}
	EndGlobalSection
	GlobalSection(ExtensibilityGlobals) = postSolution
		SolutionGuid = {E1A3DD9A-BB5B-433F-8928-7D7E044AB57B}
	EndGlobalSection
EndGlobal
